
Microsoft Visual Studio Solution File, Format Version 12.00
# Visual Studio 2013
VisualStudioVersion = 12.0.21005.1
MinimumVisualStudioVersion = 10.0.40219.1
Project("{FAE04EC0-301F-11D3-BF4B-00C04F79EFBC}") = "SpellChecker_Demo", "SpellChecker_Demo\SpellChecker_Demo.csproj", "{8B0EAB17-7E87-4B36-BA95-37927F734D41}"
EndProject
Project("{FAE04EC0-301F-11D3-BF4B-00C04F79EFBC}") = "SpellChecker_Deletions", "SpellChecker_Deletions\SpellChecker_Deletions.csproj", "{867B1DD9-758E-478C-8FF5-E1CC3F3DE824}"
EndProject
Project("{FAE04EC0-301F-11D3-BF4B-00C04F79EFBC}") = "SpellChecker_PN", "SpellChecker\SpellChecker_PN.csproj", "{3A2DEF0B-B2CB-410C-9B8D-FBE121AF7700}"
EndProject
Project("{FAE04EC0-301F-11D3-BF4B-00C04F79EFBC}") = "SpellChecker_PN_Tests", "SpellChecker_PN_Tests\SpellChecker_PN_Tests.csproj", "{EB74D950-5D23-4DED-9497-45C32CAE31E0}"
EndProject
Global
	GlobalSection(SolutionConfigurationPlatforms) = preSolution
		Debug|Any CPU = Debug|Any CPU
		Release|Any CPU = Release|Any CPU
	EndGlobalSection
	GlobalSection(ProjectConfigurationPlatforms) = postSolution
		{8B0EAB17-7E87-4B36-BA95-37927F734D41}.Debug|Any CPU.ActiveCfg = Debug|Any CPU
		{8B0EAB17-7E87-4B36-BA95-37927F734D41}.Debug|Any CPU.Build.0 = Debug|Any CPU
		{8B0EAB17-7E87-4B36-BA95-37927F734D41}.Release|Any CPU.ActiveCfg = Release|Any CPU
		{8B0EAB17-7E87-4B36-BA95-37927F734D41}.Release|Any CPU.Build.0 = Release|Any CPU
		{867B1DD9-758E-478C-8FF5-E1CC3F3DE824}.Debug|Any CPU.ActiveCfg = Debug|Any CPU
		{867B1DD9-758E-478C-8FF5-E1CC3F3DE824}.Debug|Any CPU.Build.0 = Debug|Any CPU
		{867B1DD9-758E-478C-8FF5-E1CC3F3DE824}.Release|Any CPU.ActiveCfg = Release|Any CPU
		{867B1DD9-758E-478C-8FF5-E1CC3F3DE824}.Release|Any CPU.Build.0 = Release|Any CPU
		{3A2DEF0B-B2CB-410C-9B8D-FBE121AF7700}.Debug|Any CPU.ActiveCfg = Debug|Any CPU
		{3A2DEF0B-B2CB-410C-9B8D-FBE121AF7700}.Debug|Any CPU.Build.0 = Debug|Any CPU
		{3A2DEF0B-B2CB-410C-9B8D-FBE121AF7700}.Release|Any CPU.ActiveCfg = Release|Any CPU
		{3A2DEF0B-B2CB-410C-9B8D-FBE121AF7700}.Release|Any CPU.Build.0 = Release|Any CPU
		{EB74D950-5D23-4DED-9497-45C32CAE31E0}.Debug|Any CPU.ActiveCfg = Debug|Any CPU
		{EB74D950-5D23-4DED-9497-45C32CAE31E0}.Debug|Any CPU.Build.0 = Debug|Any CPU
		{EB74D950-5D23-4DED-9497-45C32CAE31E0}.Release|Any CPU.ActiveCfg = Release|Any CPU
		{EB74D950-5D23-4DED-9497-45C32CAE31E0}.Release|Any CPU.Build.0 = Release|Any CPU
	EndGlobalSection
	GlobalSection(SolutionProperties) = preSolution
		HideSolutionNode = FALSE
	EndGlobalSection
EndGlobal
